// !$*UTF8*$!
{
	archiveVersion = 1;
	classes = {
	};
	objectVersion = 55;
	objects = {

/* Begin PBXBuildFile section */
		EAA9EDBD283279590045780F /* Tests_iOS.swift in Sources */ = {isa = PBXBuildFile; fileRef = EAA9EDBC283279590045780F /* Tests_iOS.swift */; };
		EAA9EDBF283279590045780F /* Tests_iOSLaunchTests.swift in Sources */ = {isa = PBXBuildFile; fileRef = EAA9EDBE283279590045780F /* Tests_iOSLaunchTests.swift */; };
		EAA9EDC9283279590045780F /* Tests_macOS.swift in Sources */ = {isa = PBXBuildFile; fileRef = EAA9EDC8283279590045780F /* Tests_macOS.swift */; };
		EAA9EDCB283279590045780F /* Tests_macOSLaunchTests.swift in Sources */ = {isa = PBXBuildFile; fileRef = EAA9EDCA283279590045780F /* Tests_macOSLaunchTests.swift */; };
		EAA9EDCC283279590045780F /* Conecta4App.swift in Sources */ = {isa = PBXBuildFile; fileRef = EAA9EDA4283279520045780F /* Conecta4App.swift */; };
		EAA9EDCD283279590045780F /* Conecta4App.swift in Sources */ = {isa = PBXBuildFile; fileRef = EAA9EDA4283279520045780F /* Conecta4App.swift */; };
		EAA9EDCE283279590045780F /* ContentView.swift in Sources */ = {isa = PBXBuildFile; fileRef = EAA9EDA5283279520045780F /* ContentView.swift */; };
		EAA9EDCF283279590045780F /* ContentView.swift in Sources */ = {isa = PBXBuildFile; fileRef = EAA9EDA5283279520045780F /* ContentView.swift */; };
		EAA9EDD0283279590045780F /* Assets.xcassets in Resources */ = {isa = PBXBuildFile; fileRef = EAA9EDA6283279580045780F /* Assets.xcassets */; };
		EAA9EDD1283279590045780F /* Assets.xcassets in Resources */ = {isa = PBXBuildFile; fileRef = EAA9EDA6283279580045780F /* Assets.xcassets */; };
		EAA9EDE1283279B80045780F /* BoardItem.swift in Sources */ = {isa = PBXBuildFile; fileRef = EAA9EDE0283279B80045780F /* BoardItem.swift */; };
		EAA9EDE2283279B80045780F /* BoardItem.swift in Sources */ = {isa = PBXBuildFile; fileRef = EAA9EDE0283279B80045780F /* BoardItem.swift */; };
		EAA9EDE4283279F00045780F /* Player.swift in Sources */ = {isa = PBXBuildFile; fileRef = EAA9EDE3283279F00045780F /* Player.swift */; };
		EAA9EDE5283279F00045780F /* Player.swift in Sources */ = {isa = PBXBuildFile; fileRef = EAA9EDE3283279F00045780F /* Player.swift */; };
		EAA9EDE828327AA30045780F /* BoardViewModel.swift in Sources */ = {isa = PBXBuildFile; fileRef = EAA9EDE728327AA30045780F /* BoardViewModel.swift */; };
		EAA9EDE928327AA30045780F /* BoardViewModel.swift in Sources */ = {isa = PBXBuildFile; fileRef = EAA9EDE728327AA30045780F /* BoardViewModel.swift */; };
/* End PBXBuildFile section */

/* Begin PBXContainerItemProxy section */
		EAA9EDB9283279590045780F /* PBXContainerItemProxy */ = {
			isa = PBXContainerItemProxy;
			containerPortal = EAA9ED9F283279520045780F /* Project object */;
			proxyType = 1;
			remoteGlobalIDString = EAA9EDAA283279590045780F;
			remoteInfo = "Conecta4 (iOS)";
		};
		EAA9EDC5283279590045780F /* PBXContainerItemProxy */ = {
			isa = PBXContainerItemProxy;
			containerPortal = EAA9ED9F283279520045780F /* Project object */;
			proxyType = 1;
			remoteGlobalIDString = EAA9EDB0283279590045780F;
			remoteInfo = "Conecta4 (macOS)";
		};
/* End PBXContainerItemProxy section */

/* Begin PBXFileReference section */
		EAA9EDA4283279520045780F /* Conecta4App.swift */ = {isa = PBXFileReference; lastKnownFileType = sourcecode.swift; path = Conecta4App.swift; sourceTree = "<group>"; };
		EAA9EDA5283279520045780F /* ContentView.swift */ = {isa = PBXFileReference; lastKnownFileType = sourcecode.swift; path = ContentView.swift; sourceTree = "<group>"; };
		EAA9EDA6283279580045780F /* Assets.xcassets */ = {isa = PBXFileReference; lastKnownFileType = folder.assetcatalog; path = Assets.xcassets; sourceTree = "<group>"; };
		EAA9EDAB283279590045780F /* Conecta4.app */ = {isa = PBXFileReference; explicitFileType = wrapper.application; includeInIndex = 0; path = Conecta4.app; sourceTree = BUILT_PRODUCTS_DIR; };
		EAA9EDB1283279590045780F /* Conecta4.app */ = {isa = PBXFileReference; explicitFileType = wrapper.application; includeInIndex = 0; path = Conecta4.app; sourceTree = BUILT_PRODUCTS_DIR; };
		EAA9EDB3283279590045780F /* macOS.entitlements */ = {isa = PBXFileReference; lastKnownFileType = text.plist.entitlements; path = macOS.entitlements; sourceTree = "<group>"; };
		EAA9EDB8283279590045780F /* Tests iOS.xctest */ = {isa = PBXFileReference; explicitFileType = wrapper.cfbundle; includeInIndex = 0; path = "Tests iOS.xctest"; sourceTree = BUILT_PRODUCTS_DIR; };
		EAA9EDBC283279590045780F /* Tests_iOS.swift */ = {isa = PBXFileReference; lastKnownFileType = sourcecode.swift; path = Tests_iOS.swift; sourceTree = "<group>"; };
		EAA9EDBE283279590045780F /* Tests_iOSLaunchTests.swift */ = {isa = PBXFileReference; lastKnownFileType = sourcecode.swift; path = Tests_iOSLaunchTests.swift; sourceTree = "<group>"; };
		EAA9EDC4283279590045780F /* Tests macOS.xctest */ = {isa = PBXFileReference; explicitFileType = wrapper.cfbundle; includeInIndex = 0; path = "Tests macOS.xctest"; sourceTree = BUILT_PRODUCTS_DIR; };
		EAA9EDC8283279590045780F /* Tests_macOS.swift */ = {isa = PBXFileReference; lastKnownFileType = sourcecode.swift; path = Tests_macOS.swift; sourceTree = "<group>"; };
		EAA9EDCA283279590045780F /* Tests_macOSLaunchTests.swift */ = {isa = PBXFileReference; lastKnownFileType = sourcecode.swift; path = Tests_macOSLaunchTests.swift; sourceTree = "<group>"; };
		EAA9EDE0283279B80045780F /* BoardItem.swift */ = {isa = PBXFileReference; lastKnownFileType = sourcecode.swift; path = BoardItem.swift; sourceTree = "<group>"; };
		EAA9EDE3283279F00045780F /* Player.swift */ = {isa = PBXFileReference; lastKnownFileType = sourcecode.swift; path = Player.swift; sourceTree = "<group>"; };
		EAA9EDE728327AA30045780F /* BoardViewModel.swift */ = {isa = PBXFileReference; lastKnownFileType = sourcecode.swift; path = BoardViewModel.swift; sourceTree = "<group>"; };
/* End PBXFileReference section */

/* Begin PBXFrameworksBuildPhase section */
		EAA9EDA8283279590045780F /* Frameworks */ = {
			isa = PBXFrameworksBuildPhase;
			buildActionMask = 2147483647;
			files = (
			);
			runOnlyForDeploymentPostprocessing = 0;
		};
		EAA9EDAE283279590045780F /* Frameworks */ = {
			isa = PBXFrameworksBuildPhase;
			buildActionMask = 2147483647;
			files = (
			);
			runOnlyForDeploymentPostprocessing = 0;
		};
		EAA9EDB5283279590045780F /* Frameworks */ = {
			isa = PBXFrameworksBuildPhase;
			buildActionMask = 2147483647;
			files = (
			);
			runOnlyForDeploymentPostprocessing = 0;
		};
		EAA9EDC1283279590045780F /* Frameworks */ = {
			isa = PBXFrameworksBuildPhase;
			buildActionMask = 2147483647;
			files = (
			);
			runOnlyForDeploymentPostprocessing = 0;
		};
/* End PBXFrameworksBuildPhase section */

/* Begin PBXGroup section */
		EAA9ED9E283279520045780F = {
			isa = PBXGroup;
			children = (
				EAA9EDA3283279520045780F /* Shared */,
				EAA9EDB2283279590045780F /* macOS */,
				EAA9EDBB283279590045780F /* Tests iOS */,
				EAA9EDC7283279590045780F /* Tests macOS */,
				EAA9EDAC283279590045780F /* Products */,
			);
			sourceTree = "<group>";
		};
		EAA9EDA3283279520045780F /* Shared */ = {
			isa = PBXGroup;
			children = (
				EAA9EDA4283279520045780F /* Conecta4App.swift */,
				EAA9EDA5283279520045780F /* ContentView.swift */,
				EAA9EDEA28327AAB0045780F /* ViewModel */,
				EAA9EDE6283279F90045780F /* Model */,
				EAA9EDA6283279580045780F /* Assets.xcassets */,
			);
			path = Shared;
			sourceTree = "<group>";
		};
		EAA9EDAC283279590045780F /* Products */ = {
			isa = PBXGroup;
			children = (
				EAA9EDAB283279590045780F /* Conecta4.app */,
				EAA9EDB1283279590045780F /* Conecta4.app */,
				EAA9EDB8283279590045780F /* Tests iOS.xctest */,
				EAA9EDC4283279590045780F /* Tests macOS.xctest */,
			);
			name = Products;
			sourceTree = "<group>";
		};
		EAA9EDB2283279590045780F /* macOS */ = {
			isa = PBXGroup;
			children = (
				EAA9EDB3283279590045780F /* macOS.entitlements */,
			);
			path = macOS;
			sourceTree = "<group>";
		};
		EAA9EDBB283279590045780F /* Tests iOS */ = {
			isa = PBXGroup;
			children = (
				EAA9EDBC283279590045780F /* Tests_iOS.swift */,
				EAA9EDBE283279590045780F /* Tests_iOSLaunchTests.swift */,
			);
			path = "Tests iOS";
			sourceTree = "<group>";
		};
		EAA9EDC7283279590045780F /* Tests macOS */ = {
			isa = PBXGroup;
			children = (
				EAA9EDC8283279590045780F /* Tests_macOS.swift */,
				EAA9EDCA283279590045780F /* Tests_macOSLaunchTests.swift */,
			);
			path = "Tests macOS";
			sourceTree = "<group>";
		};
		EAA9EDE6283279F90045780F /* Model */ = {
			isa = PBXGroup;
			children = (
				EAA9EDE3283279F00045780F /* Player.swift */,
				EAA9EDE0283279B80045780F /* BoardItem.swift */,
			);
			name = Model;
			sourceTree = "<group>";
		};
		EAA9EDEA28327AAB0045780F /* ViewModel */ = {
			isa = PBXGroup;
			children = (
				EAA9EDE728327AA30045780F /* BoardViewModel.swift */,
			);
			name = ViewModel;
			sourceTree = "<group>";
		};
/* End PBXGroup section */

/* Begin PBXNativeTarget section */
		EAA9EDAA283279590045780F /* Conecta4 (iOS) */ = {
			isa = PBXNativeTarget;
			buildConfigurationList = EAA9EDD4283279590045780F /* Build configuration list for PBXNativeTarget "Conecta4 (iOS)" */;
			buildPhases = (
				EAA9EDA7283279590045780F /* Sources */,
				EAA9EDA8283279590045780F /* Frameworks */,
				EAA9EDA9283279590045780F /* Resources */,
			);
			buildRules = (
			);
			dependencies = (
			);
			name = "Conecta4 (iOS)";
			productName = "Conecta4 (iOS)";
			productReference = EAA9EDAB283279590045780F /* Conecta4.app */;
			productType = "com.apple.product-type.application";
		};
		EAA9EDB0283279590045780F /* Conecta4 (macOS) */ = {
			isa = PBXNativeTarget;
			buildConfigurationList = EAA9EDD7283279590045780F /* Build configuration list for PBXNativeTarget "Conecta4 (macOS)" */;
			buildPhases = (
				EAA9EDAD283279590045780F /* Sources */,
				EAA9EDAE283279590045780F /* Frameworks */,
				EAA9EDAF283279590045780F /* Resources */,
			);
			buildRules = (
			);
			dependencies = (
			);
			name = "Conecta4 (macOS)";
			productName = "Conecta4 (macOS)";
			productReference = EAA9EDB1283279590045780F /* Conecta4.app */;
			productType = "com.apple.product-type.application";
		};
		EAA9EDB7283279590045780F /* Tests iOS */ = {
			isa = PBXNativeTarget;
			buildConfigurationList = EAA9EDDA283279590045780F /* Build configuration list for PBXNativeTarget "Tests iOS" */;
			buildPhases = (
				EAA9EDB4283279590045780F /* Sources */,
				EAA9EDB5283279590045780F /* Frameworks */,
				EAA9EDB6283279590045780F /* Resources */,
			);
			buildRules = (
			);
			dependencies = (
				EAA9EDBA283279590045780F /* PBXTargetDependency */,
			);
			name = "Tests iOS";
			productName = "Tests iOS";
			productReference = EAA9EDB8283279590045780F /* Tests iOS.xctest */;
			productType = "com.apple.product-type.bundle.ui-testing";
		};
		EAA9EDC3283279590045780F /* Tests macOS */ = {
			isa = PBXNativeTarget;
			buildConfigurationList = EAA9EDDD283279590045780F /* Build configuration list for PBXNativeTarget "Tests macOS" */;
			buildPhases = (
				EAA9EDC0283279590045780F /* Sources */,
				EAA9EDC1283279590045780F /* Frameworks */,
				EAA9EDC2283279590045780F /* Resources */,
			);
			buildRules = (
			);
			dependencies = (
				EAA9EDC6283279590045780F /* PBXTargetDependency */,
			);
			name = "Tests macOS";
			productName = "Tests macOS";
			productReference = EAA9EDC4283279590045780F /* Tests macOS.xctest */;
			productType = "com.apple.product-type.bundle.ui-testing";
		};
/* End PBXNativeTarget section */

/* Begin PBXProject section */
		EAA9ED9F283279520045780F /* Project object */ = {
			isa = PBXProject;
			attributes = {
				BuildIndependentTargetsInParallel = 1;
				LastSwiftUpdateCheck = 1330;
				LastUpgradeCheck = 1330;
				TargetAttributes = {
					EAA9EDAA283279590045780F = {
						CreatedOnToolsVersion = 13.3.1;
					};
					EAA9EDB0283279590045780F = {
						CreatedOnToolsVersion = 13.3.1;
					};
					EAA9EDB7283279590045780F = {
						CreatedOnToolsVersion = 13.3.1;
						TestTargetID = EAA9EDAA283279590045780F;
					};
					EAA9EDC3283279590045780F = {
						CreatedOnToolsVersion = 13.3.1;
						TestTargetID = EAA9EDB0283279590045780F;
					};
				};
			};
			buildConfigurationList = EAA9EDA2283279520045780F /* Build configuration list for PBXProject "Conecta4" */;
			compatibilityVersion = "Xcode 13.0";
			developmentRegion = en;
			hasScannedForEncodings = 0;
			knownRegions = (
				en,
				Base,
			);
			mainGroup = EAA9ED9E283279520045780F;
			productRefGroup = EAA9EDAC283279590045780F /* Products */;
			projectDirPath = "";
			projectRoot = "";
			targets = (
				EAA9EDAA283279590045780F /* Conecta4 (iOS) */,
				EAA9EDB0283279590045780F /* Conecta4 (macOS) */,
				EAA9EDB7283279590045780F /* Tests iOS */,
				EAA9EDC3283279590045780F /* Tests macOS */,
			);
		};
/* End PBXProject section */

/* Begin PBXResourcesBuildPhase section */
		EAA9EDA9283279590045780F /* Resources */ = {
			isa = PBXResourcesBuildPhase;
			buildActionMask = 2147483647;
			files = (
				EAA9EDD0283279590045780F /* Assets.xcassets in Resources */,
			);
			runOnlyForDeploymentPostprocessing = 0;
		};
		EAA9EDAF283279590045780F /* Resources */ = {
			isa = PBXResourcesBuildPhase;
			buildActionMask = 2147483647;
			files = (
				EAA9EDD1283279590045780F /* Assets.xcassets in Resources */,
			);
			runOnlyForDeploymentPostprocessing = 0;
		};
		EAA9EDB6283279590045780F /* Resources */ = {
			isa = PBXResourcesBuildPhase;
			buildActionMask = 2147483647;
			files = (
			);
			runOnlyForDeploymentPostprocessing = 0;
		};
		EAA9EDC2283279590045780F /* Resources */ = {
			isa = PBXResourcesBuildPhase;
			buildActionMask = 2147483647;
			files = (
			);
			runOnlyForDeploymentPostprocessing = 0;
		};
/* End PBXResourcesBuildPhase section */

/* Begin PBXSourcesBuildPhase section */
		EAA9EDA7283279590045780F /* Sources */ = {
			isa = PBXSourcesBuildPhase;
			buildActionMask = 2147483647;
			files = (
				EAA9EDE4283279F00045780F /* Player.swift in Sources */,
				EAA9EDCE283279590045780F /* ContentView.swift in Sources */,
				EAA9EDCC283279590045780F /* Conecta4App.swift in Sources */,
				EAA9EDE1283279B80045780F /* BoardItem.swift in Sources */,
				EAA9EDE828327AA30045780F /* BoardViewModel.swift in Sources */,
			);
			runOnlyForDeploymentPostprocessing = 0;
		};
		EAA9EDAD283279590045780F /* Sources */ = {
			isa = PBXSourcesBuildPhase;
			buildActionMask = 2147483647;
			files = (
				EAA9EDE5283279F00045780F /* Player.swift in Sources */,
				EAA9EDCF283279590045780F /* ContentView.swift in Sources */,
				EAA9EDCD283279590045780F /* Conecta4App.swift in Sources */,
				EAA9EDE2283279B80045780F /* BoardItem.swift in Sources */,
				EAA9EDE928327AA30045780F /* BoardViewModel.swift in Sources */,
			);
			runOnlyForDeploymentPostprocessing = 0;
		};
		EAA9EDB4283279590045780F /* Sources */ = {
			isa = PBXSourcesBuildPhase;
			buildActionMask = 2147483647;
			files = (
				EAA9EDBF283279590045780F /* Tests_iOSLaunchTests.swift in Sources */,
				EAA9EDBD283279590045780F /* Tests_iOS.swift in Sources */,
			);
			runOnlyForDeploymentPostprocessing = 0;
		};
		EAA9EDC0283279590045780F /* Sources */ = {
			isa = PBXSourcesBuildPhase;
			buildActionMask = 2147483647;
			files = (
				EAA9EDCB283279590045780F /* Tests_macOSLaunchTests.swift in Sources */,
				EAA9EDC9283279590045780F /* Tests_macOS.swift in Sources */,
			);
			runOnlyForDeploymentPostprocessing = 0;
		};
/* End PBXSourcesBuildPhase section */

/* Begin PBXTargetDependency section */
		EAA9EDBA283279590045780F /* PBXTargetDependency */ = {
			isa = PBXTargetDependency;
			target = EAA9EDAA283279590045780F /* Conecta4 (iOS) */;
			targetProxy = EAA9EDB9283279590045780F /* PBXContainerItemProxy */;
		};
		EAA9EDC6283279590045780F /* PBXTargetDependency */ = {
			isa = PBXTargetDependency;
			target = EAA9EDB0283279590045780F /* Conecta4 (macOS) */;
			targetProxy = EAA9EDC5283279590045780F /* PBXContainerItemProxy */;
		};
/* End PBXTargetDependency section */

/* Begin XCBuildConfiguration section */
		EAA9EDD2283279590045780F /* Debug */ = {
			isa = XCBuildConfiguration;
			buildSettings = {
				ALWAYS_SEARCH_USER_PATHS = NO;
				CLANG_ANALYZER_NONNULL = YES;
				CLANG_ANALYZER_NUMBER_OBJECT_CONVERSION = YES_AGGRESSIVE;
				CLANG_CXX_LANGUAGE_STANDARD = "gnu++17";
				CLANG_ENABLE_MODULES = YES;
				CLANG_ENABLE_OBJC_ARC = YES;
				CLANG_ENABLE_OBJC_WEAK = YES;
				CLANG_WARN_BLOCK_CAPTURE_AUTORELEASING = YES;
				CLANG_WARN_BOOL_CONVERSION = YES;
				CLANG_WARN_COMMA = YES;
				CLANG_WARN_CONSTANT_CONVERSION = YES;
				CLANG_WARN_DEPRECATED_OBJC_IMPLEMENTATIONS = YES;
				CLANG_WARN_DIRECT_OBJC_ISA_USAGE = YES_ERROR;
				CLANG_WARN_DOCUMENTATION_COMMENTS = YES;
				CLANG_WARN_EMPTY_BODY = YES;
				CLANG_WARN_ENUM_CONVERSION = YES;
				CLANG_WARN_INFINITE_RECURSION = YES;
				CLANG_WARN_INT_CONVERSION = YES;
				CLANG_WARN_NON_LITERAL_NULL_CONVERSION = YES;
				CLANG_WARN_OBJC_IMPLICIT_RETAIN_SELF = YES;
				CLANG_WARN_OBJC_LITERAL_CONVERSION = YES;
				CLANG_WARN_OBJC_ROOT_CLASS = YES_ERROR;
				CLANG_WARN_QUOTED_INCLUDE_IN_FRAMEWORK_HEADER = YES;
				CLANG_WARN_RANGE_LOOP_ANALYSIS = YES;
				CLANG_WARN_STRICT_PROTOTYPES = YES;
				CLANG_WARN_SUSPICIOUS_MOVE = YES;
				CLANG_WARN_UNGUARDED_AVAILABILITY = YES_AGGRESSIVE;
				CLANG_WARN_UNREACHABLE_CODE = YES;
				CLANG_WARN__DUPLICATE_METHOD_MATCH = YES;
				COPY_PHASE_STRIP = NO;
				DEBUG_INFORMATION_FORMAT = dwarf;
				ENABLE_STRICT_OBJC_MSGSEND = YES;
				ENABLE_TESTABILITY = YES;
				GCC_C_LANGUAGE_STANDARD = gnu11;
				GCC_DYNAMIC_NO_PIC = NO;
				GCC_NO_COMMON_BLOCKS = YES;
				GCC_OPTIMIZATION_LEVEL = 0;
				GCC_PREPROCESSOR_DEFINITIONS = (
					"DEBUG=1",
					"$(inherited)",
				);
				GCC_WARN_64_TO_32_BIT_CONVERSION = YES;
				GCC_WARN_ABOUT_RETURN_TYPE = YES_ERROR;
				GCC_WARN_UNDECLARED_SELECTOR = YES;
				GCC_WARN_UNINITIALIZED_AUTOS = YES_AGGRESSIVE;
				GCC_WARN_UNUSED_FUNCTION = YES;
				GCC_WARN_UNUSED_VARIABLE = YES;
				MTL_ENABLE_DEBUG_INFO = INCLUDE_SOURCE;
				MTL_FAST_MATH = YES;
				ONLY_ACTIVE_ARCH = YES;
				SWIFT_ACTIVE_COMPILATION_CONDITIONS = DEBUG;
				SWIFT_OPTIMIZATION_LEVEL = "-Onone";
			};
			name = Debug;
		};
		EAA9EDD3283279590045780F /* Release */ = {
			isa = XCBuildConfiguration;
			buildSettings = {
				ALWAYS_SEARCH_USER_PATHS = NO;
				CLANG_ANALYZER_NONNULL = YES;
				CLANG_ANALYZER_NUMBER_OBJECT_CONVERSION = YES_AGGRESSIVE;
				CLANG_CXX_LANGUAGE_STANDARD = "gnu++17";
				CLANG_ENABLE_MODULES = YES;
				CLANG_ENABLE_OBJC_ARC = YES;
				CLANG_ENABLE_OBJC_WEAK = YES;
				CLANG_WARN_BLOCK_CAPTURE_AUTORELEASING = YES;
				CLANG_WARN_BOOL_CONVERSION = YES;
				CLANG_WARN_COMMA = YES;
				CLANG_WARN_CONSTANT_CONVERSION = YES;
				CLANG_WARN_DEPRECATED_OBJC_IMPLEMENTATIONS = YES;
				CLANG_WARN_DIRECT_OBJC_ISA_USAGE = YES_ERROR;
				CLANG_WARN_DOCUMENTATION_COMMENTS = YES;
				CLANG_WARN_EMPTY_BODY = YES;
				CLANG_WARN_ENUM_CONVERSION = YES;
				CLANG_WARN_INFINITE_RECURSION = YES;
				CLANG_WARN_INT_CONVERSION = YES;
				CLANG_WARN_NON_LITERAL_NULL_CONVERSION = YES;
				CLANG_WARN_OBJC_IMPLICIT_RETAIN_SELF = YES;
				CLANG_WARN_OBJC_LITERAL_CONVERSION = YES;
				CLANG_WARN_OBJC_ROOT_CLASS = YES_ERROR;
				CLANG_WARN_QUOTED_INCLUDE_IN_FRAMEWORK_HEADER = YES;
				CLANG_WARN_RANGE_LOOP_ANALYSIS = YES;
				CLANG_WARN_STRICT_PROTOTYPES = YES;
				CLANG_WARN_SUSPICIOUS_MOVE = YES;
				CLANG_WARN_UNGUARDED_AVAILABILITY = YES_AGGRESSIVE;
				CLANG_WARN_UNREACHABLE_CODE = YES;
				CLANG_WARN__DUPLICATE_METHOD_MATCH = YES;
				COPY_PHASE_STRIP = NO;
				DEBUG_INFORMATION_FORMAT = "dwarf-with-dsym";
				ENABLE_NS_ASSERTIONS = NO;
				ENABLE_STRICT_OBJC_MSGSEND = YES;
				GCC_C_LANGUAGE_STANDARD = gnu11;
				GCC_NO_COMMON_BLOCKS = YES;
				GCC_WARN_64_TO_32_BIT_CONVERSION = YES;
				GCC_WARN_ABOUT_RETURN_TYPE = YES_ERROR;
				GCC_WARN_UNDECLARED_SELECTOR = YES;
				GCC_WARN_UNINITIALIZED_AUTOS = YES_AGGRESSIVE;
				GCC_WARN_UNUSED_FUNCTION = YES;
				GCC_WARN_UNUSED_VARIABLE = YES;
				MTL_ENABLE_DEBUG_INFO = NO;
				MTL_FAST_MATH = YES;
				SWIFT_COMPILATION_MODE = wholemodule;
				SWIFT_OPTIMIZATION_LEVEL = "-O";
			};
			name = Release;
		};
		EAA9EDD5283279590045780F /* Debug */ = {
			isa = XCBuildConfiguration;
			buildSettings = {
				ASSETCATALOG_COMPILER_APPICON_NAME = AppIcon;
				ASSETCATALOG_COMPILER_GLOBAL_ACCENT_COLOR_NAME = AccentColor;
				CODE_SIGN_STYLE = Automatic;
				CURRENT_PROJECT_VERSION = 1;
				DEVELOPMENT_TEAM = 4PL6HSR297;
				ENABLE_PREVIEWS = YES;
				GENERATE_INFOPLIST_FILE = YES;
				INFOPLIST_KEY_UIApplicationSceneManifest_Generation = YES;
				INFOPLIST_KEY_UIApplicationSupportsIndirectInputEvents = YES;
				INFOPLIST_KEY_UILaunchScreen_Generation = YES;
				INFOPLIST_KEY_UISupportedInterfaceOrientations_iPad = "UIInterfaceOrientationPortrait UIInterfaceOrientationPortraitUpsideDown UIInterfaceOrientationLandscapeLeft UIInterfaceOrientationLandscapeRight";
				INFOPLIST_KEY_UISupportedInterfaceOrientations_iPhone = "UIInterfaceOrientationPortrait UIInterfaceOrientationLandscapeLeft UIInterfaceOrientationLandscapeRight";
				IPHONEOS_DEPLOYMENT_TARGET = 15.4;
				LD_RUNPATH_SEARCH_PATHS = (
					"$(inherited)",
					"@executable_path/Frameworks",
				);
				MARKETING_VERSION = 1.0;
				PRODUCT_BUNDLE_IDENTIFIER = cisneNegro.Conecta4;
				PRODUCT_NAME = Conecta4;
				SDKROOT = iphoneos;
				SWIFT_EMIT_LOC_STRINGS = YES;
				SWIFT_VERSION = 5.0;
				TARGETED_DEVICE_FAMILY = "1,2";
			};
			name = Debug;
		};
		EAA9EDD6283279590045780F /* Release */ = {
			isa = XCBuildConfiguration;
			buildSettings = {
				ASSETCATALOG_COMPILER_APPICON_NAME = AppIcon;
				ASSETCATALOG_COMPILER_GLOBAL_ACCENT_COLOR_NAME = AccentColor;
				CODE_SIGN_STYLE = Automatic;
				CURRENT_PROJECT_VERSION = 1;
				DEVELOPMENT_TEAM = 4PL6HSR297;
				ENABLE_PREVIEWS = YES;
				GENERATE_INFOPLIST_FILE = YES;
				INFOPLIST_KEY_UIApplicationSceneManifest_Generation = YES;
				INFOPLIST_KEY_UIApplicationSupportsIndirectInputEvents = YES;
				INFOPLIST_KEY_UILaunchScreen_Generation = YES;
				INFOPLIST_KEY_UISupportedInterfaceOrientations_iPad = "UIInterfaceOrientationPortrait UIInterfaceOrientationPortraitUpsideDown UIInterfaceOrientationLandscapeLeft UIInterfaceOrientationLandscapeRight";
				INFOPLIST_KEY_UISupportedInterfaceOrientations_iPhone = "UIInterfaceOrientationPortrait UIInterfaceOrientationLandscapeLeft UIInterfaceOrientationLandscapeRight";
				IPHONEOS_DEPLOYMENT_TARGET = 15.4;
				LD_RUNPATH_SEARCH_PATHS = (
					"$(inherited)",
					"@executable_path/Frameworks",
				);
				MARKETING_VERSION = 1.0;
				PRODUCT_BUNDLE_IDENTIFIER = cisneNegro.Conecta4;
				PRODUCT_NAME = Conecta4;
				SDKROOT = iphoneos;
				SWIFT_EMIT_LOC_STRINGS = YES;
				SWIFT_VERSION = 5.0;
				TARGETED_DEVICE_FAMILY = "1,2";
				VALIDATE_PRODUCT = YES;
			};
			name = Release;
		};
		EAA9EDD8283279590045780F /* Debug */ = {
			isa = XCBuildConfiguration;
			buildSettings = {
				ASSETCATALOG_COMPILER_APPICON_NAME = AppIcon;
				ASSETCATALOG_COMPILER_GLOBAL_ACCENT_COLOR_NAME = AccentColor;
				CODE_SIGN_ENTITLEMENTS = macOS/macOS.entitlements;
				CODE_SIGN_STYLE = Automatic;
				COMBINE_HIDPI_IMAGES = YES;
				CURRENT_PROJECT_VERSION = 1;
				DEVELOPMENT_TEAM = 4PL6HSR297;
				ENABLE_HARDENED_RUNTIME = YES;
				ENABLE_PREVIEWS = YES;
				GENERATE_INFOPLIST_FILE = YES;
				INFOPLIST_KEY_NSHumanReadableCopyright = "";
				LD_RUNPATH_SEARCH_PATHS = (
					"$(inherited)",
					"@executable_path/../Frameworks",
				);
				MACOSX_DEPLOYMENT_TARGET = 12.3;
				MARKETING_VERSION = 1.0;
				PRODUCT_BUNDLE_IDENTIFIER = cisneNegro.Conecta4;
				PRODUCT_NAME = Conecta4;
				SDKROOT = macosx;
				SWIFT_EMIT_LOC_STRINGS = YES;
				SWIFT_VERSION = 5.0;
			};
			name = Debug;
		};
		EAA9EDD9283279590045780F /* Release */ = {
			isa = XCBuildConfiguration;
			buildSettings = {
				ASSETCATALOG_COMPILER_APPICON_NAME = AppIcon;
				ASSETCATALOG_COMPILER_GLOBAL_ACCENT_COLOR_NAME = AccentColor;
				CODE_SIGN_ENTITLEMENTS = macOS/macOS.entitlements;
				CODE_SIGN_STYLE = Automatic;
				COMBINE_HIDPI_IMAGES = YES;
				CURRENT_PROJECT_VERSION = 1;
				DEVELOPMENT_TEAM = 4PL6HSR297;
				ENABLE_HARDENED_RUNTIME = YES;
				ENABLE_PREVIEWS = YES;
				GENERATE_INFOPLIST_FILE = YES;
				INFOPLIST_KEY_NSHumanReadableCopyright = "";
				LD_RUNPATH_SEARCH_PATHS = (
					"$(inherited)",
					"@executable_path/../Frameworks",
				);
				MACOSX_DEPLOYMENT_TARGET = 12.3;
				MARKETING_VERSION = 1.0;
				PRODUCT_BUNDLE_IDENTIFIER = cisneNegro.Conecta4;
				PRODUCT_NAME = Conecta4;
				SDKROOT = macosx;
				SWIFT_EMIT_LOC_STRINGS = YES;
				SWIFT_VERSION = 5.0;
			};
			name = Release;
		};
		EAA9EDDB283279590045780F /* Debug */ = {
			isa = XCBuildConfiguration;
			buildSettings = {
				ALWAYS_EMBED_SWIFT_STANDARD_LIBRARIES = YES;
				CODE_SIGN_STYLE = Automatic;
				CURRENT_PROJECT_VERSION = 1;
				DEVELOPMENT_TEAM = 4PL6HSR297;
				GENERATE_INFOPLIST_FILE = YES;
				IPHONEOS_DEPLOYMENT_TARGET = 15.4;
				MARKETING_VERSION = 1.0;
				PRODUCT_BUNDLE_IDENTIFIER = "cisneNegro.Tests-iOS";
				PRODUCT_NAME = "$(TARGET_NAME)";
				SDKROOT = iphoneos;
				SWIFT_EMIT_LOC_STRINGS = NO;
				SWIFT_VERSION = 5.0;
				TARGETED_DEVICE_FAMILY = "1,2";
				TEST_TARGET_NAME = "Conecta4 (iOS)";
			};
			name = Debug;
		};
		EAA9EDDC283279590045780F /* Release */ = {
			isa = XCBuildConfiguration;
			buildSettings = {
				ALWAYS_EMBED_SWIFT_STANDARD_LIBRARIES = YES;
				CODE_SIGN_STYLE = Automatic;
				CURRENT_PROJECT_VERSION = 1;
				DEVELOPMENT_TEAM = 4PL6HSR297;
				GENERATE_INFOPLIST_FILE = YES;
				IPHONEOS_DEPLOYMENT_TARGET = 15.4;
				MARKETING_VERSION = 1.0;
				PRODUCT_BUNDLE_IDENTIFIER = "cisneNegro.Tests-iOS";
				PRODUCT_NAME = "$(TARGET_NAME)";
				SDKROOT = iphoneos;
				SWIFT_EMIT_LOC_STRINGS = NO;
				SWIFT_VERSION = 5.0;
				TARGETED_DEVICE_FAMILY = "1,2";
				TEST_TARGET_NAME = "Conecta4 (iOS)";
				VALIDATE_PRODUCT = YES;
			};
			name = Release;
		};
		EAA9EDDE283279590045780F /* Debug */ = {
			isa = XCBuildConfiguration;
			buildSettings = {
				ALWAYS_EMBED_SWIFT_STANDARD_LIBRARIES = YES;
				CODE_SIGN_STYLE = Automatic;
				CURRENT_PROJECT_VERSION = 1;
				DEVELOPMENT_TEAM = 4PL6HSR297;
				GENERATE_INFOPLIST_FILE = YES;
				MACOSX_DEPLOYMENT_TARGET = 12.3;
				MARKETING_VERSION = 1.0;
				PRODUCT_BUNDLE_IDENTIFIER = "cisneNegro.Tests-macOS";
				PRODUCT_NAME = "$(TARGET_NAME)";
				SDKROOT = macosx;
				SWIFT_EMIT_LOC_STRINGS = NO;
				SWIFT_VERSION = 5.0;
				TEST_TARGET_NAME = "Conecta4 (macOS)";
			};
			name = Debug;
		};
		EAA9EDDF283279590045780F /* Release */ = {
			isa = XCBuildConfiguration;
			buildSettings = {
				ALWAYS_EMBED_SWIFT_STANDARD_LIBRARIES = YES;
				CODE_SIGN_STYLE = Automatic;
				CURRENT_PROJECT_VERSION = 1;
				DEVELOPMENT_TEAM = 4PL6HSR297;
				GENERATE_INFOPLIST_FILE = YES;
				MACOSX_DEPLOYMENT_TARGET = 12.3;
				MARKETING_VERSION = 1.0;
				PRODUCT_BUNDLE_IDENTIFIER = "cisneNegro.Tests-macOS";
				PRODUCT_NAME = "$(TARGET_NAME)";
				SDKROOT = macosx;
				SWIFT_EMIT_LOC_STRINGS = NO;
				SWIFT_VERSION = 5.0;
				TEST_TARGET_NAME = "Conecta4 (macOS)";
			};
			name = Release;
		};
/* End XCBuildConfiguration section */

/* Begin XCConfigurationList section */
		EAA9EDA2283279520045780F /* Build configuration list for PBXProject "Conecta4" */ = {
			isa = XCConfigurationList;
			buildConfigurations = (
				EAA9EDD2283279590045780F /* Debug */,
				EAA9EDD3283279590045780F /* Release */,
			);
			defaultConfigurationIsVisible = 0;
			defaultConfigurationName = Release;
		};
		EAA9EDD4283279590045780F /* Build configuration list for PBXNativeTarget "Conecta4 (iOS)" */ = {
			isa = XCConfigurationList;
			buildConfigurations = (
				EAA9EDD5283279590045780F /* Debug */,
				EAA9EDD6283279590045780F /* Release */,
			);
			defaultConfigurationIsVisible = 0;
			defaultConfigurationName = Release;
		};
		EAA9EDD7283279590045780F /* Build configuration list for PBXNativeTarget "Conecta4 (macOS)" */ = {
			isa = XCConfigurationList;
			buildConfigurations = (
				EAA9EDD8283279590045780F /* Debug */,
				EAA9EDD9283279590045780F /* Release */,
			);
			defaultConfigurationIsVisible = 0;
			defaultConfigurationName = Release;
		};
		EAA9EDDA283279590045780F /* Build configuration list for PBXNativeTarget "Tests iOS" */ = {
			isa = XCConfigurationList;
			buildConfigurations = (
				EAA9EDDB283279590045780F /* Debug */,
				EAA9EDDC283279590045780F /* Release */,
			);
			defaultConfigurationIsVisible = 0;
			defaultConfigurationName = Release;
		};
		EAA9EDDD283279590045780F /* Build configuration list for PBXNativeTarget "Tests macOS" */ = {
			isa = XCConfigurationList;
			buildConfigurations = (
				EAA9EDDE283279590045780F /* Debug */,
				EAA9EDDF283279590045780F /* Release */,
			);
			defaultConfigurationIsVisible = 0;
			defaultConfigurationName = Release;
		};
/* End XCConfigurationList section */
	};
	rootObject = EAA9ED9F283279520045780F /* Project object */;
}
